{
    "_readme": [
        "This file locks the dependencies of your project to a known state",
        "Read more about it at http://getcomposer.org/doc/01-basic-usage.md#composer-lock-the-lock-file"
    ],
    "hash": "4d21fd697fbf17877b51b0607253e207",
    "packages": [

    ],
    "packages-dev": [
        {
            "name": "leric/php-thrift",
            "version": "0.9.0",
            "source": {
                "type": "git",
                "url": "https://github.com/leric/php-thrift-package",
                "reference": "0.9.0"
            },
            "dist": {
                "type": "zip",
                "url": "https://github.com/leric/php-thrift-package/zipball/0.9.0",
                "reference": "0.9.0",
                "shasum": ""
            },
            "require": {
                "php": ">=5.3.0"
            },
            "type": "library",
            "autoload": {
                "psr-0": {
                    "Thrift": "lib"
                }
            },
            "notification-url": "https://packagist.org/downloads/",
            "license": [
                "MIT"
            ],
            "authors": [
                {
                    "name": "Leric Zhang",
                    "email": "leric.zhang@gmail.com",
                    "homepage": "http://www.leric.info",
                    "role": "Developer"
                }
            ],
            "description": "Thrift client api for PHP(version sync with thrift)",
            "homepage": "http://github.com/Seldaek/monolog",
            "keywords": [
                "thrift"
            ],
            "time": "2012-10-16 21:16:26"
        },
        {
            "name": "munkie/elasticsearch-thrift-php",
            "version": "1.4.2",
            "source": {
                "type": "git",
                "url": "https://github.com/munkie/elasticsearch-thrift-php",
                "reference": "1.4.2"
            },
            "dist": {
                "type": "zip",
                "url": "https://github.com/munkie/elasticsearch-thrift-php/archive/1.4.2.zip",
                "reference": "1.4.2",
                "shasum": ""
            },
            "require": {
                "leric/php-thrift": "0.9.0",
                "php": ">=5.3.0"
            },
            "require-dev": {
                "elasticsearch/elasticsearch-transport-thrift": "1.4.*"
            },
            "type": "library",
            "autoload": {
                "classmap": [
                    "src/Elasticsearch"
                ]
            },
            "notification-url": "https://packagist.org/downloads/",
            "license": [
                "MIT"
            ],
            "authors": [
                {
                    "name": "Mikhail Shamin",
                    "email": "munk13@gmail.com"
                }
            ],
            "description": "ElasticSearch PHP Thrift transport client. Generated from elasticsearch-transport-thrift plugin thrift file",
            "keywords": [
                "elasticsearch",
                "thrift"
            ],
            "time": "2013-01-21 07:29:45"
        },
        {
            "name": "psr/log",
            "version": "1.0.0",
            "source": {
                "type": "git",
                "url": "https://github.com/php-fig/log",
                "reference": "1.0.0"
            },
            "dist": {
                "type": "zip",
                "url": "https://github.com/php-fig/log/archive/1.0.0.zip",
                "reference": "1.0.0",
                "shasum": ""
            },
            "type": "library",
            "autoload": {
                "psr-0": {
                    "Psr\\Log\\": ""
                }
            },
            "notification-url": "https://packagist.org/downloads/",
            "license": [
                "MIT"
            ],
            "authors": [
                {
                    "name": "PHP-FIG",
                    "homepage": "http://www.php-fig.org/"
                }
            ],
            "description": "Common interface for logging libraries",
            "keywords": [
                "log",
                "psr",
                "psr-3"
            ],
            "time": "2012-12-21 11:40:51"
        }
    ],
    "aliases": [

    ],
    "minimum-stability": "stable",
    "stability-flags": [

    ],
    "platform": {
        "php": ">=5.3.3"
    },
    "platform-dev": [

    ]
}
